# THIS IS AN AUTOGENERATED FILE. DO NOT EDIT THIS FILE DIRECTLY.
# yarn lockfile v1


"@pixi/constants@7.0.4":
  version "7.0.4"
  resolved "https://registry.yarnpkg.com/@pixi/constants/-/constants-7.0.4.tgz#6910b5b852e0e13b4c686ed2837f614305cddbe9"
  integrity sha512-HS8fvDZ4jn7jeEPeYfrB0bPSLW6yfVWxQwXUX6BAQOhpEZXlPpa3uKwl+wxhVh+9OGXBvlMcbxZTPEDMdB6xJQ==

"@pixi/core@^7.0.4":
  version "7.0.4"
  resolved "https://registry.yarnpkg.com/@pixi/core/-/core-7.0.4.tgz#a9fd4cfbf5b807af0774b4ce5528c38ae070a5b8"
  integrity sha512-tM0Cz8r9EFivBoGnYQ1043of9Qp4Usr7YQ0vK29rF2HInNannrTFO2F/tXBoClRsCJUw0Y2R8C4n06tAovGiWg==
  dependencies:
    "@pixi/constants" "7.0.4"
    "@pixi/extensions" "7.0.4"
    "@pixi/math" "7.0.4"
    "@pixi/runner" "7.0.4"
    "@pixi/settings" "7.0.4"
    "@pixi/ticker" "7.0.4"
    "@pixi/utils" "7.0.4"
    "@types/offscreencanvas" "^2019.6.4"

"@pixi/extensions@7.0.4":
  version "7.0.4"
  resolved "https://registry.yarnpkg.com/@pixi/extensions/-/extensions-7.0.4.tgz#f52d75d9e0a056313fd6f2d9fc11616b1adbc742"
  integrity sha512-NRwQ+R1nctH98u0h4mUTwYsqC72t7MakUPgJ8b51HslMAHerfqhymntX/E4f3pFuulSWAnsbR5sEVAee9b1XDw==

"@pixi/graphics@^7.0.4":
  version "7.0.4"
  resolved "https://registry.yarnpkg.com/@pixi/graphics/-/graphics-7.0.4.tgz#09fa373be449420ad586844ec97e478ac959fee8"
  integrity sha512-k6hnScltWw1dZf6C6/cyKBEUOaddd10AMon2fJbW5a903igirarncDZEg3mrMh0Tku7vIp4o6afZ7a+p0ocptQ==

"@pixi/math@7.0.4":
  version "7.0.4"
  resolved "https://registry.yarnpkg.com/@pixi/math/-/math-7.0.4.tgz#14b96ae4c4797fd52b9e019cbd40c0fd4523ee63"
  integrity sha512-tk9PyqdNi9EB0fjpwVfR4ZPUpuy8UjBqOLwTGM3v4MpAPP6uYK76rZLPSsGpx3Pe7BldS1HDnBC4U6CbK/eebw==

"@pixi/runner@7.0.4":
  version "7.0.4"
  resolved "https://registry.yarnpkg.com/@pixi/runner/-/runner-7.0.4.tgz#cf1eea2307d0699aaa3be115ac27ff53c1e9d6d7"
  integrity sha512-XHtK2FyVk8sg/Uuww0SFVDUMpv0M5sj7zmTLXxgvlDuaHKimDl1d52j2w/N7y4DU8BpyAFTH3VgyTrAMsZBydw==

"@pixi/settings@7.0.4":
  version "7.0.4"
  resolved "https://registry.yarnpkg.com/@pixi/settings/-/settings-7.0.4.tgz#3a368367498d2a0530a74b0ee6f933d4b981e96e"
  integrity sha512-aEg0BYVLWVXcyUIGhnV0Gsxb/6g9nTaciKEBXm4C/7G10HgEuIrO56P/ccTPl3xcL5g6z417DcntuiNNSQ29Qg==
  dependencies:
    "@pixi/constants" "7.0.4"
    "@types/css-font-loading-module" "^0.0.7"

"@pixi/ticker@7.0.4":
  version "7.0.4"
  resolved "https://registry.yarnpkg.com/@pixi/ticker/-/ticker-7.0.4.tgz#211415f2d11e19cd2ef1cf49a1f5ec9ae70bc116"
  integrity sha512-0d1KjkftfJvwaVIv4h3KHYWvdHmSHt9yHgczmp9NzH+9i9sRQbmb7IK/WxFORYFfYbYrPpMVDOkrxvEAUosunw==
  dependencies:
    "@pixi/extensions" "7.0.4"
    "@pixi/settings" "7.0.4"

"@pixi/utils@7.0.4":
  version "7.0.4"
  resolved "https://registry.yarnpkg.com/@pixi/utils/-/utils-7.0.4.tgz#8292c0ad53d97a253398d53ad7365b1a3655a0fe"
  integrity sha512-fdPhfItjnwKgkb8l27zD4eCwGrSCa72kqYWEtwYayVNSh+l95krLQPZHrXR2HA7Rh97I8/4PUJBhIIcEaI962Q==
  dependencies:
    "@pixi/constants" "7.0.4"
    "@pixi/settings" "7.0.4"
    "@types/earcut" "^2.1.0"
    earcut "^2.2.4"
    eventemitter3 "^4.0.0"
    url "^0.11.0"

"@types/css-font-loading-module@^0.0.7":
  version "0.0.7"
  resolved "https://registry.yarnpkg.com/@types/css-font-loading-module/-/css-font-loading-module-0.0.7.tgz#2f98ede46acc0975de85c0b7b0ebe06041d24601"
  integrity sha512-nl09VhutdjINdWyXxHWN/w9zlNCfr60JUqJbd24YXUuCwgeL0TpFSdElCwb6cxfB6ybE19Gjj4g0jsgkXxKv1Q==

"@types/earcut@^2.1.0":
  version "2.1.1"
  resolved "https://registry.yarnpkg.com/@types/earcut/-/earcut-2.1.1.tgz#573a0af609f17005c751f6f4ffec49cfe358ea51"
  integrity sha512-w8oigUCDjElRHRRrMvn/spybSMyX8MTkKA5Dv+tS1IE/TgmNZPqUYtvYBXGY8cieSE66gm+szeK+bnbxC2xHTQ==

"@types/offscreencanvas@^2019.6.4":
  version "2019.7.0"
  resolved "https://registry.yarnpkg.com/@types/offscreencanvas/-/offscreencanvas-2019.7.0.tgz#e4a932069db47bb3eabeb0b305502d01586fa90d"
  integrity sha512-PGcyveRIpL1XIqK8eBsmRBt76eFgtzuPiSTyKHZxnGemp2yzGzWpjYKAfK3wIMiU7eH+851yEpiuP8JZerTmWg==

earcut@^2.2.4:
  version "2.2.4"
  resolved "https://registry.yarnpkg.com/earcut/-/earcut-2.2.4.tgz#6d02fd4d68160c114825d06890a92ecaae60343a"
  integrity sha512-/pjZsA1b4RPHbeWZQn66SWS8nZZWLQQ23oE3Eam7aroEFGEvwKAsJfZ9ytiEMycfzXWpca4FA9QIOehf7PocBQ==

eventemitter3@^4.0.0:
  version "4.0.7"
  resolved "https://registry.yarnpkg.com/eventemitter3/-/eventemitter3-4.0.7.tgz#2de9b68f6528d5644ef5c59526a1b4a07306169f"
  integrity sha512-8guHBZCwKnFhYdHr2ysuRWErTwhoN2X8XELRlrRwpmfeY2jjuUN4taQMsULKUVo1K4DvZl+0pgfyoysHxvmvEw==

punycode@1.3.2:
  version "1.3.2"
  resolved "https://registry.yarnpkg.com/punycode/-/punycode-1.3.2.tgz#9653a036fb7c1ee42342f2325cceefea3926c48d"
  integrity sha512-RofWgt/7fL5wP1Y7fxE7/EmTLzQVnB0ycyibJ0OOHIlJqTNzglYFxVwETOcIoJqJmpDXJ9xImDv+Fq34F/d4Dw==

querystring@0.2.0:
  version "0.2.0"
  resolved "https://registry.yarnpkg.com/querystring/-/querystring-0.2.0.tgz#b209849203bb25df820da756e747005878521620"
  integrity sha512-X/xY82scca2tau62i9mDyU9K+I+djTMUsvwf7xnUX5GLvVzgJybOJf4Y6o9Zx3oJK/LSXg5tTZBjwzqVPaPO2g==

typescript@^4.9.3:
  version "4.9.3"
  resolved "https://registry.yarnpkg.com/typescript/-/typescript-4.9.3.tgz#3aea307c1746b8c384435d8ac36b8a2e580d85db"
  integrity sha512-CIfGzTelbKNEnLpLdGFgdyKhG23CKdKgQPOBc+OUNrkJ2vr+KSzsSV5kq5iWhEQbok+quxgGzrAtGWCyU7tHnA==

url@^0.11.0:
  version "0.11.0"
  resolved "https://registry.yarnpkg.com/url/-/url-0.11.0.tgz#3838e97cfc60521eb73c525a8e55bfdd9e2e28f1"
  integrity sha512-kbailJa29QrtXnxgq+DdCEGlbTeYM2eJUxsz6vjZavrCYPMIFHMKQmSKYAIuUK2i7hgPm28a8piX5NTUtM/LKQ==
  dependencies:
    punycode "1.3.2"
    querystring "0.2.0"
